Microsoft Visual Studio Solution File, Format Version 12.00
# Visual Studio 2013
VisualStudioVersion = 12.0.40629.0
MinimumVisualStudioVersion = 10.0.40219.1
Project("{F184B08F-C81C-45F6-A57F-5ABD9991F28F}") = "DXDiagram.CustomShapeProperties", "DXDiagram.CustomShapeProperties\DXDiagram.CustomShapeProperties.vbproj", "{CA6E41EA-BC09-4341-8722-E13C75E39CDA}"
EndProject
Global
	GlobalSection(SolutionConfigurationPlatforms) = preSolution
		Debug|Any CPU = Debug|Any CPU
		Release|Any CPU = Release|Any CPU
	EndGlobalSection
	GlobalSection(ProjectConfigurationPlatforms) = postSolution
		{CA6E41EA-BC09-4341-8722-E13C75E39CDA}.Debug|Any CPU.ActiveCfg = Debug|Any CPU
		{CA6E41EA-BC09-4341-8722-E13C75E39CDA}.Debug|Any CPU.Build.0 = Debug|Any CPU
		{CA6E41EA-BC09-4341-8722-E13C75E39CDA}.Release|Any CPU.ActiveCfg = Release|Any CPU
		{CA6E41EA-BC09-4341-8722-E13C75E39CDA}.Release|Any CPU.Build.0 = Release|Any CPU
	EndGlobalSection
	GlobalSection(SolutionProperties) = preSolution
		HideSolutionNode = FALSE
	EndGlobalSection
EndGlobal
